# THIS IS AN AUTOGENERATED FILE. DO NOT EDIT THIS FILE DIRECTLY.
# yarn lockfile v1


"@fastify/websocket@^8.2.0":
  version "8.2.0"
  resolved "https://registry.yarnpkg.com/@fastify/websocket/-/websocket-8.2.0.tgz#2f5785a88e8188bff9cc17821d5d3d09458a6714"
  integrity sha512-B4tlHFBKCX7tenEG9aUcQEpksW2e0+dgRTaH/05+cro1Xsq1+kSj+9IB9Gep7a0KbHZGrat+zBsOas6lRs5dFQ==
  dependencies:
    fastify-plugin "^4.0.0"
    ws "^8.0.0"

"@types/node@*":
  version "20.4.10"
  resolved "https://registry.yarnpkg.com/@types/node/-/node-20.4.10.tgz#73c9480791e3ddeb4887a660fc93a7f59353ad45"
  integrity sha512-vwzFiiy8Rn6E0MtA13/Cxxgpan/N6UeNYR9oUu6kuJWxu6zCk98trcDp8CBhbtaeuq9SykCmXkFr2lWLoPcvLg==

"@types/ws@^8.5.5":
  version "8.5.5"
  resolved "https://registry.yarnpkg.com/@types/ws/-/ws-8.5.5.tgz#af587964aa06682702ee6dcbc7be41a80e4b28eb"
  integrity sha512-lwhs8hktwxSjf9UaZ9tG5M03PGogvFaH8gUgLNbN9HKIg0dvv6q+gkSuJ8HN4/VbyxkuLzCjlN7GquQ0gUJfIg==
  dependencies:
    "@types/node" "*"

fastify-plugin@^4.0.0:
  version "4.5.1"
  resolved "https://registry.yarnpkg.com/fastify-plugin/-/fastify-plugin-4.5.1.tgz#44dc6a3cc2cce0988bc09e13f160120bbd91dbee"
  integrity sha512-stRHYGeuqpEZTL1Ef0Ovr2ltazUT9g844X5z/zEBFLG8RYlpDiOCIG+ATvYEp+/zmc7sN29mcIMp8gvYplYPIQ==

typescript@^5.1.6:
  version "5.1.6"
  resolved "https://registry.yarnpkg.com/typescript/-/typescript-5.1.6.tgz#02f8ac202b6dad2c0dd5e0913745b47a37998274"
  integrity sha512-zaWCozRZ6DLEWAWFrVDz1H6FVXzUSfTy5FUMWsQlU8Ym5JP9eO4xkTIROFCQvhQf61z6O/G6ugw3SgAnvvm+HA==

ws@^8.0.0:
  version "8.13.0"
  resolved "https://registry.yarnpkg.com/ws/-/ws-8.13.0.tgz#9a9fb92f93cf41512a0735c8f4dd09b8a1211cd0"
  integrity sha512-x9vcZYTrFPC7aSIbj7sRCYo7L/Xb8Iy+pW0ng0wt2vCJv7M9HOMy0UoN3rr+IFC7hb7vXoqS+P9ktyLLLhO+LA==
