# THIS IS AN AUTOGENERATED FILE. DO NOT EDIT THIS FILE DIRECTLY.
# yarn lockfile v1


"@types/p5@^1.6.2":
  version "1.6.2"
  resolved "https://registry.yarnpkg.com/@types/p5/-/p5-1.6.2.tgz#05b64a2375f7ddd35d7fac63e983358b418605e7"
  integrity sha512-iy1B7DBMc9e5j0DrWnIjSJh+Ro9UkKxPHspbx/GvIeGFTOIJF0H2lICnIN4go1OZEAQSHBinLd7t+oe8lrrLvA==

typescript@^5.1.6:
  version "5.1.6"
  resolved "https://registry.yarnpkg.com/typescript/-/typescript-5.1.6.tgz#02f8ac202b6dad2c0dd5e0913745b47a37998274"
  integrity sha512-zaWCozRZ6DLEWAWFrVDz1H6FVXzUSfTy5FUMWsQlU8Ym5JP9eO4xkTIROFCQvhQf61z6O/G6ugw3SgAnvvm+HA==
